
Microsoft Visual Studio Solution File, Format Version 12.00
Project("{FAE04EC0-301F-11D3-BF4B-00C04F79EFBC}") = "Zavand.Manana.Data.SqlServer", "Zavand.Manana.Data.SqlServer\Zavand.Manana.Data.SqlServer.csproj", "{152F43ED-7D73-4056-90BD-99930554DBFB}"
EndProject
Global
	GlobalSection(SolutionConfigurationPlatforms) = preSolution
		Debug|Any CPU = Debug|Any CPU
		Release|Any CPU = Release|Any CPU
	EndGlobalSection
	GlobalSection(ProjectConfigurationPlatforms) = postSolution
		{152F43ED-7D73-4056-90BD-99930554DBFB}.Debug|Any CPU.ActiveCfg = Debug|Any CPU
		{152F43ED-7D73-4056-90BD-99930554DBFB}.Debug|Any CPU.Build.0 = Debug|Any CPU
		{152F43ED-7D73-4056-90BD-99930554DBFB}.Release|Any CPU.ActiveCfg = Release|Any CPU
		{152F43ED-7D73-4056-90BD-99930554DBFB}.Release|Any CPU.Build.0 = Release|Any CPU
	EndGlobalSection
EndGlobal
